
Microsoft Visual Studio Solution File, Format Version 12.00
# Visual Studio Version 17
VisualStudioVersion = 17.2.32630.192
MinimumVisualStudioVersion = 10.0.40219.1
Project("{FAE04EC0-301F-11D3-BF4B-00C04F79EFBC}") = "WebApiProject", "WebApiProject\WebApiProject.csproj", "{5B56EFF4-16C0-4E5D-9659-7B44156E0F75}"
EndProject
Global
	GlobalSection(SolutionConfigurationPlatforms) = preSolution
		Debug|Any CPU = Debug|Any CPU
		Release|Any CPU = Release|Any CPU
	EndGlobalSection
	GlobalSection(ProjectConfigurationPlatforms) = postSolution
		{5B56EFF4-16C0-4E5D-9659-7B44156E0F75}.Debug|Any CPU.ActiveCfg = Debug|Any CPU
		{5B56EFF4-16C0-4E5D-9659-7B44156E0F75}.Debug|Any CPU.Build.0 = Debug|Any CPU
		{5B56EFF4-16C0-4E5D-9659-7B44156E0F75}.Release|Any CPU.ActiveCfg = Release|Any CPU
		{5B56EFF4-16C0-4E5D-9659-7B44156E0F75}.Release|Any CPU.Build.0 = Release|Any CPU
	EndGlobalSection
	GlobalSection(SolutionProperties) = preSolution
		HideSolutionNode = FALSE
	EndGlobalSection
	GlobalSection(ExtensibilityGlobals) = postSolution
		SolutionGuid = {686295B3-18E1-40D1-AAC3-FC6C7A8D4294}
	EndGlobalSection
EndGlobal
